
Microsoft Visual Studio Solution File, Format Version 12.00
# Visual Studio Version 16
VisualStudioVersion = 16.0.30413.136
MinimumVisualStudioVersion = 10.0.40219.1
Project("{FAE04EC0-301F-11D3-BF4B-00C04F79EFBC}") = "Fajlkezelo", "Fajlkezelo.csproj", "{3ED4FDAA-A84F-4EB3-95E0-FC409A29B054}"
EndProject
Global
	GlobalSection(SolutionConfigurationPlatforms) = preSolution
		Debug|Any CPU = Debug|Any CPU
		Release|Any CPU = Release|Any CPU
	EndGlobalSection
	GlobalSection(ProjectConfigurationPlatforms) = postSolution
		{3ED4FDAA-A84F-4EB3-95E0-FC409A29B054}.Debug|Any CPU.ActiveCfg = Debug|Any CPU
		{3ED4FDAA-A84F-4EB3-95E0-FC409A29B054}.Debug|Any CPU.Build.0 = Debug|Any CPU
		{3ED4FDAA-A84F-4EB3-95E0-FC409A29B054}.Release|Any CPU.ActiveCfg = Release|Any CPU
		{3ED4FDAA-A84F-4EB3-95E0-FC409A29B054}.Release|Any CPU.Build.0 = Release|Any CPU
	EndGlobalSection
	GlobalSection(SolutionProperties) = preSolution
		HideSolutionNode = FALSE
	EndGlobalSection
	GlobalSection(ExtensibilityGlobals) = postSolution
		SolutionGuid = {A440EF10-0230-4FCC-BCD8-85E75D4DD45C}
	EndGlobalSection
EndGlobal
