
Microsoft Visual Studio Solution File, Format Version 12.00
# Visual Studio Version 16
VisualStudioVersion = 16.0.30523.141
MinimumVisualStudioVersion = 10.0.40219.1
Project("{FAE04EC0-301F-11D3-BF4B-00C04F79EFBC}") = "CollectionGyak", "CollectionGyak.csproj", "{F5D5393D-4FFE-462E-8DA6-BD9993BF403E}"
EndProject
Global
	GlobalSection(SolutionConfigurationPlatforms) = preSolution
		Debug|Any CPU = Debug|Any CPU
		Release|Any CPU = Release|Any CPU
	EndGlobalSection
	GlobalSection(ProjectConfigurationPlatforms) = postSolution
		{F5D5393D-4FFE-462E-8DA6-BD9993BF403E}.Debug|Any CPU.ActiveCfg = Debug|Any CPU
		{F5D5393D-4FFE-462E-8DA6-BD9993BF403E}.Debug|Any CPU.Build.0 = Debug|Any CPU
		{F5D5393D-4FFE-462E-8DA6-BD9993BF403E}.Release|Any CPU.ActiveCfg = Release|Any CPU
		{F5D5393D-4FFE-462E-8DA6-BD9993BF403E}.Release|Any CPU.Build.0 = Release|Any CPU
	EndGlobalSection
	GlobalSection(SolutionProperties) = preSolution
		HideSolutionNode = FALSE
	EndGlobalSection
	GlobalSection(ExtensibilityGlobals) = postSolution
		SolutionGuid = {F63FD5EC-13CB-4D38-8E58-1A95E85853A7}
	EndGlobalSection
EndGlobal
